// !$*UTF8*$!
{
	archiveVersion = 1;
	classes = {
	};
	objectVersion = 55;
	objects = {

/* Begin PBXBuildFile section */
		A7BF4D0928AAD9E900CD5866 /* AppDelegate.swift in Sources */ = {isa = PBXBuildFile; fileRef = A7BF4D0828AAD9E900CD5866 /* AppDelegate.swift */; };
		A7BF4D0B28AAD9E900CD5866 /* SceneDelegate.swift in Sources */ = {isa = PBXBuildFile; fileRef = A7BF4D0A28AAD9E900CD5866 /* SceneDelegate.swift */; };
		A7BF4D0D28AAD9E900CD5866 /* ViewController.swift in Sources */ = {isa = PBXBuildFile; fileRef = A7BF4D0C28AAD9E900CD5866 /* ViewController.swift */; };
		A7BF4D1028AAD9E900CD5866 /* Main.storyboard in Resources */ = {isa = PBXBuildFile; fileRef = A7BF4D0E28AAD9E900CD5866 /* Main.storyboard */; };
		A7BF4D1228AAD9EE00CD5866 /* Assets.xcassets in Resources */ = {isa = PBXBuildFile; fileRef = A7BF4D1128AAD9EE00CD5866 /* Assets.xcassets */; };
		A7BF4D1528AAD9EE00CD5866 /* LaunchScreen.storyboard in Resources */ = {isa = PBXBuildFile; fileRef = A7BF4D1328AAD9EE00CD5866 /* LaunchScreen.storyboard */; };
/* End PBXBuildFile section */

/* Begin PBXFileReference section */
		A7BF4D0528AAD9E900CD5866 /* Block4.app */ = {isa = PBXFileReference; explicitFileType = wrapper.application; includeInIndex = 0; path = Block4.app; sourceTree = BUILT_PRODUCTS_DIR; };
		A7BF4D0828AAD9E900CD5866 /* AppDelegate.swift */ = {isa = PBXFileReference; lastKnownFileType = sourcecode.swift; path = AppDelegate.swift; sourceTree = "<group>"; };
		A7BF4D0A28AAD9E900CD5866 /* SceneDelegate.swift */ = {isa = PBXFileReference; lastKnownFileType = sourcecode.swift; path = SceneDelegate.swift; sourceTree = "<group>"; };
		A7BF4D0C28AAD9E900CD5866 /* ViewController.swift */ = {isa = PBXFileReference; lastKnownFileType = sourcecode.swift; path = ViewController.swift; sourceTree = "<group>"; };
		A7BF4D0F28AAD9E900CD5866 /* Base */ = {isa = PBXFileReference; lastKnownFileType = file.storyboard; name = Base; path = Base.lproj/Main.storyboard; sourceTree = "<group>"; };
		A7BF4D1128AAD9EE00CD5866 /* Assets.xcassets */ = {isa = PBXFileReference; lastKnownFileType = folder.assetcatalog; path = Assets.xcassets; sourceTree = "<group>"; };
		A7BF4D1428AAD9EE00CD5866 /* Base */ = {isa = PBXFileReference; lastKnownFileType = file.storyboard; name = Base; path = Base.lproj/LaunchScreen.storyboard; sourceTree = "<group>"; };
		A7BF4D1628AAD9EE00CD5866 /* Info.plist */ = {isa = PBXFileReference; lastKnownFileType = text.plist.xml; path = Info.plist; sourceTree = "<group>"; };
		A7BF4D2028AADCBA00CD5866 /* Practice.playground */ = {isa = PBXFileReference; lastKnownFileType = file.playground; path = Practice.playground; sourceTree = "<group>"; xcLanguageSpecificationIdentifier = xcode.lang.swift; };
/* End PBXFileReference section */

/* Begin PBXFrameworksBuildPhase section */
		A7BF4D0228AAD9E900CD5866 /* Frameworks */ = {
			isa = PBXFrameworksBuildPhase;
			buildActionMask = 2147483647;
			files = (
			);
			runOnlyForDeploymentPostprocessing = 0;
		};
/* End PBXFrameworksBuildPhase section */

/* Begin PBXGroup section */
		A782BB7928AECF2900AA6798 /* Main */ = {
			isa = PBXGroup;
			children = (
				A7BF4D0828AAD9E900CD5866 /* AppDelegate.swift */,
				A7BF4D0A28AAD9E900CD5866 /* SceneDelegate.swift */,
				A7BF4D0C28AAD9E900CD5866 /* ViewController.swift */,
				A7BF4D0E28AAD9E900CD5866 /* Main.storyboard */,
			);
			path = Main;
			sourceTree = "<group>";
		};
		A7BF4CFC28AAD9E800CD5866 = {
			isa = PBXGroup;
			children = (
				A7BF4D0728AAD9E900CD5866 /* Block4 */,
				A7BF4D0628AAD9E900CD5866 /* Products */,
			);
			sourceTree = "<group>";
		};
		A7BF4D0628AAD9E900CD5866 /* Products */ = {
			isa = PBXGroup;
			children = (
				A7BF4D0528AAD9E900CD5866 /* Block4.app */,
			);
			name = Products;
			sourceTree = "<group>";
		};
		A7BF4D0728AAD9E900CD5866 /* Block4 */ = {
			isa = PBXGroup;
			children = (
				A782BB7928AECF2900AA6798 /* Main */,
				A7BF4D1D28AADA4E00CD5866 /* Practice */,
				A7BF4D1C28AADA0D00CD5866 /* Resources */,
			);
			path = Block4;
			sourceTree = "<group>";
		};
		A7BF4D1C28AADA0D00CD5866 /* Resources */ = {
			isa = PBXGroup;
			children = (
				A7BF4D1128AAD9EE00CD5866 /* Assets.xcassets */,
				A7BF4D1328AAD9EE00CD5866 /* LaunchScreen.storyboard */,
				A7BF4D1628AAD9EE00CD5866 /* Info.plist */,
			);
			path = Resources;
			sourceTree = "<group>";
		};
		A7BF4D1D28AADA4E00CD5866 /* Practice */ = {
			isa = PBXGroup;
			children = (
				A7BF4D2028AADCBA00CD5866 /* Practice.playground */,
			);
			path = Practice;
			sourceTree = "<group>";
		};
/* End PBXGroup section */

/* Begin PBXNativeTarget section */
		A7BF4D0428AAD9E900CD5866 /* Block4 */ = {
			isa = PBXNativeTarget;
			buildConfigurationList = A7BF4D1928AAD9EE00CD5866 /* Build configuration list for PBXNativeTarget "Block4" */;
			buildPhases = (
				A7BF4D0128AAD9E900CD5866 /* Sources */,
				A7BF4D0228AAD9E900CD5866 /* Frameworks */,
				A7BF4D0328AAD9E900CD5866 /* Resources */,
			);
			buildRules = (
			);
			dependencies = (
			);
			name = Block4;
			productName = Block4;
			productReference = A7BF4D0528AAD9E900CD5866 /* Block4.app */;
			productType = "com.apple.product-type.application";
		};
/* End PBXNativeTarget section */

/* Begin PBXProject section */
		A7BF4CFD28AAD9E800CD5866 /* Project object */ = {
			isa = PBXProject;
			attributes = {
				BuildIndependentTargetsInParallel = 1;
				LastSwiftUpdateCheck = 1340;
				LastUpgradeCheck = 1340;
				TargetAttributes = {
					A7BF4D0428AAD9E900CD5866 = {
						CreatedOnToolsVersion = 13.4.1;
					};
				};
			};
			buildConfigurationList = A7BF4D0028AAD9E900CD5866 /* Build configuration list for PBXProject "Block4" */;
			compatibilityVersion = "Xcode 13.0";
			developmentRegion = en;
			hasScannedForEncodings = 0;
			knownRegions = (
				en,
				Base,
			);
			mainGroup = A7BF4CFC28AAD9E800CD5866;
			productRefGroup = A7BF4D0628AAD9E900CD5866 /* Products */;
			projectDirPath = "";
			projectRoot = "";
			targets = (
				A7BF4D0428AAD9E900CD5866 /* Block4 */,
			);
		};
/* End PBXProject section */

/* Begin PBXResourcesBuildPhase section */
		A7BF4D0328AAD9E900CD5866 /* Resources */ = {
			isa = PBXResourcesBuildPhase;
			buildActionMask = 2147483647;
			files = (
				A7BF4D1528AAD9EE00CD5866 /* LaunchScreen.storyboard in Resources */,
				A7BF4D1228AAD9EE00CD5866 /* Assets.xcassets in Resources */,
				A7BF4D1028AAD9E900CD5866 /* Main.storyboard in Resources */,
			);
			runOnlyForDeploymentPostprocessing = 0;
		};
/* End PBXResourcesBuildPhase section */

/* Begin PBXSourcesBuildPhase section */
		A7BF4D0128AAD9E900CD5866 /* Sources */ = {
			isa = PBXSourcesBuildPhase;
			buildActionMask = 2147483647;
			files = (
				A7BF4D0D28AAD9E900CD5866 /* ViewController.swift in Sources */,
				A7BF4D0928AAD9E900CD5866 /* AppDelegate.swift in Sources */,
				A7BF4D0B28AAD9E900CD5866 /* SceneDelegate.swift in Sources */,
			);
			runOnlyForDeploymentPostprocessing = 0;
		};
/* End PBXSourcesBuildPhase section */

/* Begin PBXVariantGroup section */
		A7BF4D0E28AAD9E900CD5866 /* Main.storyboard */ = {
			isa = PBXVariantGroup;
			children = (
				A7BF4D0F28AAD9E900CD5866 /* Base */,
			);
			name = Main.storyboard;
			sourceTree = "<group>";
		};
		A7BF4D1328AAD9EE00CD5866 /* LaunchScreen.storyboard */ = {
			isa = PBXVariantGroup;
			children = (
				A7BF4D1428AAD9EE00CD5866 /* Base */,
			);
			name = LaunchScreen.storyboard;
			sourceTree = "<group>";
		};
/* End PBXVariantGroup section */

/* Begin XCBuildConfiguration section */
		A7BF4D1728AAD9EE00CD5866 /* Debug */ = {
			isa = XCBuildConfiguration;
			buildSettings = {
				ALWAYS_SEARCH_USER_PATHS = NO;
				CLANG_ANALYZER_NONNULL = YES;
				CLANG_ANALYZER_NUMBER_OBJECT_CONVERSION = YES_AGGRESSIVE;
				CLANG_CXX_LANGUAGE_STANDARD = "gnu++17";
				CLANG_ENABLE_MODULES = YES;
				CLANG_ENABLE_OBJC_ARC = YES;
				CLANG_ENABLE_OBJC_WEAK = YES;
				CLANG_WARN_BLOCK_CAPTURE_AUTORELEASING = YES;
				CLANG_WARN_BOOL_CONVERSION = YES;
				CLANG_WARN_COMMA = YES;
				CLANG_WARN_CONSTANT_CONVERSION = YES;
				CLANG_WARN_DEPRECATED_OBJC_IMPLEMENTATIONS = YES;
				CLANG_WARN_DIRECT_OBJC_ISA_USAGE = YES_ERROR;
				CLANG_WARN_DOCUMENTATION_COMMENTS = YES;
				CLANG_WARN_EMPTY_BODY = YES;
				CLANG_WARN_ENUM_CONVERSION = YES;
				CLANG_WARN_INFINITE_RECURSION = YES;
				CLANG_WARN_INT_CONVERSION = YES;
				CLANG_WARN_NON_LITERAL_NULL_CONVERSION = YES;
				CLANG_WARN_OBJC_IMPLICIT_RETAIN_SELF = YES;
				CLANG_WARN_OBJC_LITERAL_CONVERSION = YES;
				CLANG_WARN_OBJC_ROOT_CLASS = YES_ERROR;
				CLANG_WARN_QUOTED_INCLUDE_IN_FRAMEWORK_HEADER = YES;
				CLANG_WARN_RANGE_LOOP_ANALYSIS = YES;
				CLANG_WARN_STRICT_PROTOTYPES = YES;
				CLANG_WARN_SUSPICIOUS_MOVE = YES;
				CLANG_WARN_UNGUARDED_AVAILABILITY = YES_AGGRESSIVE;
				CLANG_WARN_UNREACHABLE_CODE = YES;
				CLANG_WARN__DUPLICATE_METHOD_MATCH = YES;
				COPY_PHASE_STRIP = NO;
				DEBUG_INFORMATION_FORMAT = dwarf;
				ENABLE_STRICT_OBJC_MSGSEND = YES;
				ENABLE_TESTABILITY = YES;
				GCC_C_LANGUAGE_STANDARD = gnu11;
				GCC_DYNAMIC_NO_PIC = NO;
				GCC_NO_COMMON_BLOCKS = YES;
				GCC_OPTIMIZATION_LEVEL = 0;
				GCC_PREPROCESSOR_DEFINITIONS = (
					"DEBUG=1",
					"$(inherited)",
				);
				GCC_WARN_64_TO_32_BIT_CONVERSION = YES;
				GCC_WARN_ABOUT_RETURN_TYPE = YES_ERROR;
				GCC_WARN_UNDECLARED_SELECTOR = YES;
				GCC_WARN_UNINITIALIZED_AUTOS = YES_AGGRESSIVE;
				GCC_WARN_UNUSED_FUNCTION = YES;
				GCC_WARN_UNUSED_VARIABLE = YES;
				IPHONEOS_DEPLOYMENT_TARGET = 15.5;
				MTL_ENABLE_DEBUG_INFO = INCLUDE_SOURCE;
				MTL_FAST_MATH = YES;
				ONLY_ACTIVE_ARCH = YES;
				SDKROOT = iphoneos;
				SWIFT_ACTIVE_COMPILATION_CONDITIONS = DEBUG;
				SWIFT_OPTIMIZATION_LEVEL = "-Onone";
			};
			name = Debug;
		};
		A7BF4D1828AAD9EE00CD5866 /* Release */ = {
			isa = XCBuildConfiguration;
			buildSettings = {
				ALWAYS_SEARCH_USER_PATHS = NO;
				CLANG_ANALYZER_NONNULL = YES;
				CLANG_ANALYZER_NUMBER_OBJECT_CONVERSION = YES_AGGRESSIVE;
				CLANG_CXX_LANGUAGE_STANDARD = "gnu++17";
				CLANG_ENABLE_MODULES = YES;
				CLANG_ENABLE_OBJC_ARC = YES;
				CLANG_ENABLE_OBJC_WEAK = YES;
				CLANG_WARN_BLOCK_CAPTURE_AUTORELEASING = YES;
				CLANG_WARN_BOOL_CONVERSION = YES;
				CLANG_WARN_COMMA = YES;
				CLANG_WARN_CONSTANT_CONVERSION = YES;
				CLANG_WARN_DEPRECATED_OBJC_IMPLEMENTATIONS = YES;
				CLANG_WARN_DIRECT_OBJC_ISA_USAGE = YES_ERROR;
				CLANG_WARN_DOCUMENTATION_COMMENTS = YES;
				CLANG_WARN_EMPTY_BODY = YES;
				CLANG_WARN_ENUM_CONVERSION = YES;
				CLANG_WARN_INFINITE_RECURSION = YES;
				CLANG_WARN_INT_CONVERSION = YES;
				CLANG_WARN_NON_LITERAL_NULL_CONVERSION = YES;
				CLANG_WARN_OBJC_IMPLICIT_RETAIN_SELF = YES;
				CLANG_WARN_OBJC_LITERAL_CONVERSION = YES;
				CLANG_WARN_OBJC_ROOT_CLASS = YES_ERROR;
				CLANG_WARN_QUOTED_INCLUDE_IN_FRAMEWORK_HEADER = YES;
				CLANG_WARN_RANGE_LOOP_ANALYSIS = YES;
				CLANG_WARN_STRICT_PROTOTYPES = YES;
				CLANG_WARN_SUSPICIOUS_MOVE = YES;
				CLANG_WARN_UNGUARDED_AVAILABILITY = YES_AGGRESSIVE;
				CLANG_WARN_UNREACHABLE_CODE = YES;
				CLANG_WARN__DUPLICATE_METHOD_MATCH = YES;
				COPY_PHASE_STRIP = NO;
				DEBUG_INFORMATION_FORMAT = "dwarf-with-dsym";
				ENABLE_NS_ASSERTIONS = NO;
				ENABLE_STRICT_OBJC_MSGSEND = YES;
				GCC_C_LANGUAGE_STANDARD = gnu11;
				GCC_NO_COMMON_BLOCKS = YES;
				GCC_WARN_64_TO_32_BIT_CONVERSION = YES;
				GCC_WARN_ABOUT_RETURN_TYPE = YES_ERROR;
				GCC_WARN_UNDECLARED_SELECTOR = YES;
				GCC_WARN_UNINITIALIZED_AUTOS = YES_AGGRESSIVE;
				GCC_WARN_UNUSED_FUNCTION = YES;
				GCC_WARN_UNUSED_VARIABLE = YES;
				IPHONEOS_DEPLOYMENT_TARGET = 15.5;
				MTL_ENABLE_DEBUG_INFO = NO;
				MTL_FAST_MATH = YES;
				SDKROOT = iphoneos;
				SWIFT_COMPILATION_MODE = wholemodule;
				SWIFT_OPTIMIZATION_LEVEL = "-O";
				VALIDATE_PRODUCT = YES;
			};
			name = Release;
		};
		A7BF4D1A28AAD9EE00CD5866 /* Debug */ = {
			isa = XCBuildConfiguration;
			buildSettings = {
				ASSETCATALOG_COMPILER_APPICON_NAME = AppIcon;
				ASSETCATALOG_COMPILER_GLOBAL_ACCENT_COLOR_NAME = AccentColor;
				CODE_SIGN_STYLE = Automatic;
				CURRENT_PROJECT_VERSION = 1;
				DEVELOPMENT_TEAM = QUHXFK7735;
				GENERATE_INFOPLIST_FILE = YES;
				INFOPLIST_FILE = Block4/Resources/Info.plist;
				INFOPLIST_KEY_UIApplicationSupportsIndirectInputEvents = YES;
				INFOPLIST_KEY_UILaunchStoryboardName = LaunchScreen;
				INFOPLIST_KEY_UIMainStoryboardFile = Main;
				INFOPLIST_KEY_UISupportedInterfaceOrientations_iPad = "UIInterfaceOrientationPortrait UIInterfaceOrientationPortraitUpsideDown UIInterfaceOrientationLandscapeLeft UIInterfaceOrientationLandscapeRight";
				INFOPLIST_KEY_UISupportedInterfaceOrientations_iPhone = "UIInterfaceOrientationPortrait UIInterfaceOrientationLandscapeLeft UIInterfaceOrientationLandscapeRight";
				LD_RUNPATH_SEARCH_PATHS = (
					"$(inherited)",
					"@executable_path/Frameworks",
				);
				MARKETING_VERSION = 1.0;
				PRODUCT_BUNDLE_IDENTIFIER = com.lessons.Block4;
				PRODUCT_NAME = "$(TARGET_NAME)";
				SWIFT_EMIT_LOC_STRINGS = YES;
				SWIFT_VERSION = 5.0;
				TARGETED_DEVICE_FAMILY = "1,2";
			};
			name = Debug;
		};
		A7BF4D1B28AAD9EE00CD5866 /* Release */ = {
			isa = XCBuildConfiguration;
			buildSettings = {
				ASSETCATALOG_COMPILER_APPICON_NAME = AppIcon;
				ASSETCATALOG_COMPILER_GLOBAL_ACCENT_COLOR_NAME = AccentColor;
				CODE_SIGN_STYLE = Automatic;
				CURRENT_PROJECT_VERSION = 1;
				DEVELOPMENT_TEAM = QUHXFK7735;
				GENERATE_INFOPLIST_FILE = YES;
				INFOPLIST_FILE = Block4/Resources/Info.plist;
				INFOPLIST_KEY_UIApplicationSupportsIndirectInputEvents = YES;
				INFOPLIST_KEY_UILaunchStoryboardName = LaunchScreen;
				INFOPLIST_KEY_UIMainStoryboardFile = Main;
				INFOPLIST_KEY_UISupportedInterfaceOrientations_iPad = "UIInterfaceOrientationPortrait UIInterfaceOrientationPortraitUpsideDown UIInterfaceOrientationLandscapeLeft UIInterfaceOrientationLandscapeRight";
				INFOPLIST_KEY_UISupportedInterfaceOrientations_iPhone = "UIInterfaceOrientationPortrait UIInterfaceOrientationLandscapeLeft UIInterfaceOrientationLandscapeRight";
				LD_RUNPATH_SEARCH_PATHS = (
					"$(inherited)",
					"@executable_path/Frameworks",
				);
				MARKETING_VERSION = 1.0;
				PRODUCT_BUNDLE_IDENTIFIER = com.lessons.Block4;
				PRODUCT_NAME = "$(TARGET_NAME)";
				SWIFT_EMIT_LOC_STRINGS = YES;
				SWIFT_VERSION = 5.0;
				TARGETED_DEVICE_FAMILY = "1,2";
			};
			name = Release;
		};
/* End XCBuildConfiguration section */

/* Begin XCConfigurationList section */
		A7BF4D0028AAD9E900CD5866 /* Build configuration list for PBXProject "Block4" */ = {
			isa = XCConfigurationList;
			buildConfigurations = (
				A7BF4D1728AAD9EE00CD5866 /* Debug */,
				A7BF4D1828AAD9EE00CD5866 /* Release */,
			);
			defaultConfigurationIsVisible = 0;
			defaultConfigurationName = Release;
		};
		A7BF4D1928AAD9EE00CD5866 /* Build configuration list for PBXNativeTarget "Block4" */ = {
			isa = XCConfigurationList;
			buildConfigurations = (
				A7BF4D1A28AAD9EE00CD5866 /* Debug */,
				A7BF4D1B28AAD9EE00CD5866 /* Release */,
			);
			defaultConfigurationIsVisible = 0;
			defaultConfigurationName = Release;
		};
/* End XCConfigurationList section */
	};
	rootObject = A7BF4CFD28AAD9E800CD5866 /* Project object */;
}
